# THIS IS AN AUTOGENERATED FILE. DO NOT EDIT THIS FILE DIRECTLY.
# yarn lockfile v1


"@bufbuild/protobuf@^2.5.0":
  version "2.6.1"
  resolved "https://registry.yarnpkg.com/@bufbuild/protobuf/-/protobuf-2.6.1.tgz#6d80aa2c0bf6a493d66609ff1ad84d1a0c15acf5"
  integrity sha512-DaG6XlyKpz08bmHY5SGX2gfIllaqtDJ/KwVoxsmP22COOLYwDBe7yD3DZGwXem/Xq7QOc9cuR7R3MpAv5CFfDw==

"@emnapi/core@^1.4.3":
  version "1.4.4"
  resolved "https://registry.yarnpkg.com/@emnapi/core/-/core-1.4.4.tgz#76620673f3033626c6d79b1420d69f06a6bb153c"
  integrity sha512-A9CnAbC6ARNMKcIcrQwq6HeHCjpcBZ5wSx4U01WXCqEKlrzB9F9315WDNHkrs2xbx7YjjSxbUYxuN6EQzpcY2g==
  dependencies:
    "@emnapi/wasi-threads" "1.0.3"
    tslib "^2.4.0"

"@emnapi/runtime@^1.4.3":
  version "1.4.4"
  resolved "https://registry.yarnpkg.com/@emnapi/runtime/-/runtime-1.4.4.tgz#19a8f00719c51124e2d0fbf4aaad3fa7b0c92524"
  integrity sha512-hHyapA4A3gPaDCNfiqyZUStTMqIkKRshqPIuDOXv1hcBnD4U3l8cP0T1HMCfGRxQ6V64TGCcoswChANyOAwbQg==
  dependencies:
    tslib "^2.4.0"

"@emnapi/wasi-threads@1.0.3":
  version "1.0.3"
  resolved "https://registry.yarnpkg.com/@emnapi/wasi-threads/-/wasi-threads-1.0.3.tgz#83fa228bde0e71668aad6db1af4937473d1d3ab1"
  integrity sha512-8K5IFFsQqF9wQNJptGbS6FNKgUTsSRYnTqNCG1vPP8jFdjSv18n2mQfJpkt2Oibo9iBEzcDnDxNwKTzC7svlJw==
  dependencies:
    tslib "^2.4.0"

"@module-federation/error-codes@0.16.0":
  version "0.16.0"
  resolved "https://registry.yarnpkg.com/@module-federation/error-codes/-/error-codes-0.16.0.tgz#e375b2d10405cf24bae9a798337e4805cbcd69ee"
  integrity sha512-TfmA45b8vvISniGudMg8jjIy1q3tLPon0QN/JdFp5f8AJ8/peICN5b+dkEQnWsAVg2fEusYhk9dO7z3nUeJM8A==

"@module-federation/runtime-core@0.16.0":
  version "0.16.0"
  resolved "https://registry.yarnpkg.com/@module-federation/runtime-core/-/runtime-core-0.16.0.tgz#4a628dfcd39d6594bea7430ef9def07adc4fa3a9"
  integrity sha512-5SECQowG4hlUVBRk/y6bnYLfxbsl5NcMmqn043WPe7NDOhGQWbTuYibJ3Bk+ZBv5U4uYLEmXipBGDc1FKsHklQ==
  dependencies:
    "@module-federation/error-codes" "0.16.0"
    "@module-federation/sdk" "0.16.0"

"@module-federation/runtime-tools@0.16.0":
  version "0.16.0"
  resolved "https://registry.yarnpkg.com/@module-federation/runtime-tools/-/runtime-tools-0.16.0.tgz#7d59097364107a908192e2dedf0b53b38f90693c"
  integrity sha512-OzmXNluXBQ2E6znzX4m9CJt1MFHVGmbN8c8MSKcYIDcLzLSKBQAiaz9ZUMhkyWx2YrPgD134glyPEqJrc+fY8A==
  dependencies:
    "@module-federation/runtime" "0.16.0"
    "@module-federation/webpack-bundler-runtime" "0.16.0"

"@module-federation/runtime@0.16.0":
  version "0.16.0"
  resolved "https://registry.yarnpkg.com/@module-federation/runtime/-/runtime-0.16.0.tgz#03acce818203fe253da1becfd4355f82d5ce5b97"
  integrity sha512-6o84WI8Qhc9O3HwPLx89kTvOSkyUOHQr73R/zr0I04sYhlMJgw5xTwXeGE7bQAmNgbJclzW9Kh7JTP7+3o3CHg==
  dependencies:
    "@module-federation/error-codes" "0.16.0"
    "@module-federation/runtime-core" "0.16.0"
    "@module-federation/sdk" "0.16.0"

"@module-federation/sdk@0.16.0":
  version "0.16.0"
  resolved "https://registry.yarnpkg.com/@module-federation/sdk/-/sdk-0.16.0.tgz#74a7b5c4263954a09de7fb36b1cbdad64255cd2b"
  integrity sha512-UXJW1WWuDoDmScX0tpISjl4xIRPzAiN62vg9etuBdAEUM+ja9rz/zwNZaByiUPFS2aqlj2RHenCRvIapE8mYEg==

"@module-federation/webpack-bundler-runtime@0.16.0":
  version "0.16.0"
  resolved "https://registry.yarnpkg.com/@module-federation/webpack-bundler-runtime/-/webpack-bundler-runtime-0.16.0.tgz#7f040f76760c3e0f86a99ae06317828048781415"
  integrity sha512-yqIDQTelJZP0Rxml0OXv4Er8Kbdxy7NFh6PCzPwDFWI1SkiokJ3uXQJBvtlxZ3lOnCDYOzdHstqa8sJG4JP02Q==
  dependencies:
    "@module-federation/runtime" "0.16.0"
    "@module-federation/sdk" "0.16.0"

"@napi-rs/wasm-runtime@^0.2.12":
  version "0.2.12"
  resolved "https://registry.yarnpkg.com/@napi-rs/wasm-runtime/-/wasm-runtime-0.2.12.tgz#3e78a8b96e6c33a6c517e1894efbd5385a7cb6f2"
  integrity sha512-ZVWUcfwY4E/yPitQJl481FjFo3K22D6qF0DuFH6Y/nbnE11GY5uguDxZMGXPQ8WQ0128MXQD7TnfHyK4oWoIJQ==
  dependencies:
    "@emnapi/core" "^1.4.3"
    "@emnapi/runtime" "^1.4.3"
    "@tybys/wasm-util" "^0.10.0"

"@rsbuild/core@^1.4.3":
  version "1.4.7"
  resolved "https://registry.yarnpkg.com/@rsbuild/core/-/core-1.4.7.tgz#364bb8dee8582aef4d2d12e8bbdf020f3d5ac072"
  integrity sha512-mYvMYlCKUQAfz7x7GJnD6lBsVBfUSEAfrZLxkDQ0F3w7If9cQpHWLWZWdRmcFFy3Pzns1Edxn0st1nAmcFhRJQ==
  dependencies:
    "@rspack/core" "1.4.8"
    "@rspack/lite-tapable" "~1.0.1"
    "@swc/helpers" "^0.5.17"
    core-js "~3.44.0"
    jiti "^2.4.2"

"@rsbuild/plugin-react@^1.3.3":
  version "1.3.4"
  resolved "https://registry.yarnpkg.com/@rsbuild/plugin-react/-/plugin-react-1.3.4.tgz#c8b206bcd61590734e090c092405631a322856f2"
  integrity sha512-PeLmPkUUm+t2cBGBe1WHhw1NNPHDFnKiXnRUGM5WSSlSZWfSi96RbeLqrm+gH6TaefdyvmLvurJu+7tSSUrQjQ==
  dependencies:
    "@rspack/plugin-react-refresh" "~1.4.3"
    react-refresh "^0.17.0"

"@rsbuild/plugin-sass@^1.3.3":
  version "1.3.3"
  resolved "https://registry.yarnpkg.com/@rsbuild/plugin-sass/-/plugin-sass-1.3.3.tgz#52b6823b2b0cd69f37de99f7e4c00bb4a2d3e29b"
  integrity sha512-TcfhLm/SWTTlCFIED/usH/aiHUB5qqTZ1YwFK0gAtaDNuQFSLiRq2OGZ3c934hYyKB95ckgj1o+gDcQvZbaumg==
  dependencies:
    deepmerge "^4.3.1"
    loader-utils "^2.0.4"
    postcss "^8.5.6"
    reduce-configs "^1.1.0"
    sass-embedded "^1.89.2"

"@rspack/binding-darwin-arm64@1.4.8":
  version "1.4.8"
  resolved "https://registry.yarnpkg.com/@rspack/binding-darwin-arm64/-/binding-darwin-arm64-1.4.8.tgz#55081d16498f1763c7ee463d7368a4623fdde11d"
  integrity sha512-PQRNjC3Fc0avpx8Gk+sT5P+HAXxTSzmBA8lU7QLlmbW5GGXO2taVhNstbZ4oxyIX5uDVZpQ2yQ2E0zXirK6/UQ==

"@rspack/binding-darwin-x64@1.4.8":
  version "1.4.8"
  resolved "https://registry.yarnpkg.com/@rspack/binding-darwin-x64/-/binding-darwin-x64-1.4.8.tgz#ab858bf4b47f3bce91ac1a47db7810b0e35aba73"
  integrity sha512-ZnPZbo1dhhbfevxSS99y8w02xuEbxyiV1HaUie/S8jzy9DPmk+4Br+DddufnibPNU85e3BZKjp+HDFMYkdn6cg==

"@rspack/binding-linux-arm64-gnu@1.4.8":
  version "1.4.8"
  resolved "https://registry.yarnpkg.com/@rspack/binding-linux-arm64-gnu/-/binding-linux-arm64-gnu-1.4.8.tgz#0b7ece9de9403dfcd9bc5a79e7af2f13bc50699f"
  integrity sha512-mJK9diM4Gd8RIGO90AZnl27WwUuAOoRplPQv9G+Vxu2baCt1xE1ccf8PntIJ70/rMgsUdnmkR5qQBaGxhAMJvA==

"@rspack/binding-linux-arm64-musl@1.4.8":
  version "1.4.8"
  resolved "https://registry.yarnpkg.com/@rspack/binding-linux-arm64-musl/-/binding-linux-arm64-musl-1.4.8.tgz#76aa11933b8b10c099402e6bd2c03f5f2819c307"
  integrity sha512-+n9QxeDDZKwVB4D6cwpNRJzsCeuwNqd/fwwbMQVTctJ+GhIHlUPsE8y5tXN7euU7kDci81wMBBFlt6LtXNcssA==

"@rspack/binding-linux-x64-gnu@1.4.8":
  version "1.4.8"
  resolved "https://registry.yarnpkg.com/@rspack/binding-linux-x64-gnu/-/binding-linux-x64-gnu-1.4.8.tgz#7dec7c12c80fe52acba011813d73347d69afd159"
  integrity sha512-rEypDlbIfv9B/DcZ2vYVWs56wo5VWE5oj/TvM9JT+xuqwvVWsN/A2TPMiU6QBgOKGXat3EM/MEgx8NhNZUpkXg==

"@rspack/binding-linux-x64-musl@1.4.8":
  version "1.4.8"
  resolved "https://registry.yarnpkg.com/@rspack/binding-linux-x64-musl/-/binding-linux-x64-musl-1.4.8.tgz#998e4e97e2947d9934d1a697cfbd4a9676d7d9e8"
  integrity sha512-o9OsvJ7olH0JPU9exyIaYTNQ+aaR5CNAiinkxr+LkV2i3DMIi/+pDVveDiodYjVhzZjWfsP/z8QPO4c6Z06bEw==

"@rspack/binding-wasm32-wasi@1.4.8":
  version "1.4.8"
  resolved "https://registry.yarnpkg.com/@rspack/binding-wasm32-wasi/-/binding-wasm32-wasi-1.4.8.tgz#c2d487ead311d2845f0a109fd91311463b00ea82"
  integrity sha512-hF5gqT0aQ66VUclM2A9MSB6zVdEJqzp++TAXaShBK/eVBI0R4vWrMfJ2TOdzEsSbg4gXgeG4swURpHva3PKbcA==
  dependencies:
    "@napi-rs/wasm-runtime" "^0.2.12"

"@rspack/binding-win32-arm64-msvc@1.4.8":
  version "1.4.8"
  resolved "https://registry.yarnpkg.com/@rspack/binding-win32-arm64-msvc/-/binding-win32-arm64-msvc-1.4.8.tgz#6c9dd6a59ff1fb5ba9a0818a45951ed0c1d46031"
  integrity sha512-umD0XzesJq4nnStv9/2/VOmzNUWHfLMIjeHmiHYHpc7iVC0SkXgIdc6Ac7c+g2q7/V3/MFxL66Y60oy7lQE3fg==

"@rspack/binding-win32-ia32-msvc@1.4.8":
  version "1.4.8"
  resolved "https://registry.yarnpkg.com/@rspack/binding-win32-ia32-msvc/-/binding-win32-ia32-msvc-1.4.8.tgz#90058b4176b9c4a07adf7970810c2cdeb0040628"
  integrity sha512-Uu+F/sxz7GgIMbuCCZVOD1HPjoHQdyrFHi/TE2EmuZzs9Ji9a9mtNJNrKc8+h9YFpaLeade7cbMDjRu4MHxiVA==

"@rspack/binding-win32-x64-msvc@1.4.8":
  version "1.4.8"
  resolved "https://registry.yarnpkg.com/@rspack/binding-win32-x64-msvc/-/binding-win32-x64-msvc-1.4.8.tgz#988614173a727430122f1930f280ee79dde3e86f"
  integrity sha512-BVkOfJDZnexHNpGgc/sWENyGrsle1jUQTeUEdSyNYsu4Elsgk/T9gnGK8xyLRd2c6k20M5FN38t0TumCp4DscQ==

"@rspack/binding@1.4.8":
  version "1.4.8"
  resolved "https://registry.yarnpkg.com/@rspack/binding/-/binding-1.4.8.tgz#ae96de2c7d18817925a8f244bcf5a3e98e75a8c2"
  integrity sha512-VKE+2InUdudBUOn3xMZfK9a6KlOwmSifA0Nupjsh7N9/brcBfJtJGSDCnfrIKCq54FF+QAUCgcNAS0DB4/tZmw==
  optionalDependencies:
    "@rspack/binding-darwin-arm64" "1.4.8"
    "@rspack/binding-darwin-x64" "1.4.8"
    "@rspack/binding-linux-arm64-gnu" "1.4.8"
    "@rspack/binding-linux-arm64-musl" "1.4.8"
    "@rspack/binding-linux-x64-gnu" "1.4.8"
    "@rspack/binding-linux-x64-musl" "1.4.8"
    "@rspack/binding-wasm32-wasi" "1.4.8"
    "@rspack/binding-win32-arm64-msvc" "1.4.8"
    "@rspack/binding-win32-ia32-msvc" "1.4.8"
    "@rspack/binding-win32-x64-msvc" "1.4.8"

"@rspack/core@1.4.8":
  version "1.4.8"
  resolved "https://registry.yarnpkg.com/@rspack/core/-/core-1.4.8.tgz#79aeb56dd666915045afc692f7a6e12e62a1a33f"
  integrity sha512-ARHuZ+gx3P//RIUKSjk/riQUn/D5tCwCWbfgeM5pk/Ti2JsgVnqiP9Sksge8JovVPf7b6Zgw73Cq5FpX4aOXeQ==
  dependencies:
    "@module-federation/runtime-tools" "0.16.0"
    "@rspack/binding" "1.4.8"
    "@rspack/lite-tapable" "1.0.1"

"@rspack/lite-tapable@1.0.1", "@rspack/lite-tapable@~1.0.1":
  version "1.0.1"
  resolved "https://registry.yarnpkg.com/@rspack/lite-tapable/-/lite-tapable-1.0.1.tgz#d4540a5d28bd6177164bc0ba0bee4bdec0458591"
  integrity sha512-VynGOEsVw2s8TAlLf/uESfrgfrq2+rcXB1muPJYBWbsm1Oa6r5qVQhjA5ggM6z/coYPrsVMgovl3Ff7Q7OCp1w==

"@rspack/plugin-react-refresh@~1.4.3":
  version "1.4.3"
  resolved "https://registry.yarnpkg.com/@rspack/plugin-react-refresh/-/plugin-react-refresh-1.4.3.tgz#aa8aec84ae2f1ba0a20d51fc3899f002cfecd628"
  integrity sha512-wZx4vWgy5oMEvgyNGd/oUKcdnKaccYWHCRkOqTdAPJC3WcytxhTX+Kady8ERurSBiLyQpoMiU3Iyd+F1Y2Arbw==
  dependencies:
    error-stack-parser "^2.1.4"
    html-entities "^2.6.0"

"@swc/helpers@^0.5.17":
  version "0.5.17"
  resolved "https://registry.yarnpkg.com/@swc/helpers/-/helpers-0.5.17.tgz#5a7be95ac0f0bf186e7e6e890e7a6f6cda6ce971"
  integrity sha512-5IKx/Y13RsYd+sauPb2x+U/xZikHjolzfuDgTAl/Tdf3Q8rslRvC19NKDLgAJQ6wsqADk10ntlv08nPFw/gO/A==
  dependencies:
    tslib "^2.8.0"

"@tybys/wasm-util@^0.10.0":
  version "0.10.0"
  resolved "https://registry.yarnpkg.com/@tybys/wasm-util/-/wasm-util-0.10.0.tgz#2fd3cd754b94b378734ce17058d0507c45c88369"
  integrity sha512-VyyPYFlOMNylG45GoAe0xDoLwWuowvf92F9kySqzYh8vmYm7D2u4iUJKa1tOUpS70Ku13ASrOkS4ScXFsTaCNQ==
  dependencies:
    tslib "^2.4.0"

"@types/chrome@^0.1.1":
  version "0.1.1"
  resolved "https://registry.yarnpkg.com/@types/chrome/-/chrome-0.1.1.tgz#7ec0ad62e8742cfdbebc1e4bdf121631bcd3d180"
  integrity sha512-MLtFW++/n+OPQIaf5hA6pmURd3Zn+OxuvASyf2mYh8B8pHDpbhHjwlVHMw3H/aJC9Z7Z3itO0AFaZeegrGk0yA==
  dependencies:
    "@types/filesystem" "*"
    "@types/har-format" "*"

"@types/filesystem@*":
  version "0.0.36"
  resolved "https://registry.yarnpkg.com/@types/filesystem/-/filesystem-0.0.36.tgz#7227c2d76bfed1b21819db310816c7821d303857"
  integrity sha512-vPDXOZuannb9FZdxgHnqSwAG/jvdGM8Wq+6N4D/d80z+D4HWH+bItqsZaVRQykAn6WEVeEkLm2oQigyHtgb0RA==
  dependencies:
    "@types/filewriter" "*"

"@types/filewriter@*":
  version "0.0.33"
  resolved "https://registry.yarnpkg.com/@types/filewriter/-/filewriter-0.0.33.tgz#d9d611db9d9cd99ae4e458de420eeb64ad604ea8"
  integrity sha512-xFU8ZXTw4gd358lb2jw25nxY9QAgqn2+bKKjKOYfNCzN4DKCFetK7sPtrlpg66Ywe3vWY9FNxprZawAh9wfJ3g==

"@types/har-format@*":
  version "1.2.16"
  resolved "https://registry.yarnpkg.com/@types/har-format/-/har-format-1.2.16.tgz#b71ede8681400cc08b3685f061c31e416cf94944"
  integrity sha512-fluxdy7ryD3MV6h8pTfTYpy/xQzCFC7m89nOH9y94cNqJ1mDIDPut7MnRHI3F6qRmh/cT2fUjG1MLdCNb4hE9A==

"@types/react-dom@^19.1.6":
  version "19.1.6"
  resolved "https://registry.yarnpkg.com/@types/react-dom/-/react-dom-19.1.6.tgz#4af629da0e9f9c0f506fc4d1caa610399c595d64"
  integrity sha512-4hOiT/dwO8Ko0gV1m/TJZYk3y0KBnY9vzDh7W+DH17b2HFSOGgdj33dhihPeuy3l0q23+4e+hoXHV6hCC4dCXw==

"@types/react@^19.1.8":
  version "19.1.8"
  resolved "https://registry.yarnpkg.com/@types/react/-/react-19.1.8.tgz#ff8395f2afb764597265ced15f8dddb0720ae1c3"
  integrity sha512-AwAfQ2Wa5bCx9WP8nZL2uMZWod7J7/JSplxbTmBQ5ms6QpqNYm672H0Vu9ZVKVngQ+ii4R/byguVEUZQyeg44g==
  dependencies:
    csstype "^3.0.2"

big.js@^5.2.2:
  version "5.2.2"
  resolved "https://registry.yarnpkg.com/big.js/-/big.js-5.2.2.tgz#65f0af382f578bcdc742bd9c281e9cb2d7768328"
  integrity sha512-vyL2OymJxmarO8gxMr0mhChsO9QGwhynfuu4+MHTAW6czfq9humCB7rKpUjDd9YUiDPU4mzpyupFSvOClAwbmQ==

buffer-builder@^0.2.0:
  version "0.2.0"
  resolved "https://registry.yarnpkg.com/buffer-builder/-/buffer-builder-0.2.0.tgz#3322cd307d8296dab1f604618593b261a3fade8f"
  integrity sha512-7VPMEPuYznPSoR21NE1zvd2Xna6c/CloiZCfcMXR1Jny6PjX0N4Nsa38zcBFo/FMK+BlA+FLKbJCQ0i2yxp+Xg==

colorjs.io@^0.5.0:
  version "0.5.2"
  resolved "https://registry.yarnpkg.com/colorjs.io/-/colorjs.io-0.5.2.tgz#63b20139b007591ebc3359932bef84628eb3fcef"
  integrity sha512-twmVoizEW7ylZSN32OgKdXRmo1qg+wT5/6C3xu5b9QsWzSFAhHLn2xd8ro0diCsKfCj1RdaTP/nrcW+vAoQPIw==

core-js@~3.44.0:
  version "3.44.0"
  resolved "https://registry.yarnpkg.com/core-js/-/core-js-3.44.0.tgz#db4fd4fa07933c1d6898c8b112a1119a9336e959"
  integrity sha512-aFCtd4l6GvAXwVEh3XbbVqJGHDJt0OZRa+5ePGx3LLwi12WfexqQxcsohb2wgsa/92xtl19Hd66G/L+TaAxDMw==

csstype@^3.0.2:
  version "3.1.3"
  resolved "https://registry.yarnpkg.com/csstype/-/csstype-3.1.3.tgz#d80ff294d114fb0e6ac500fbf85b60137d7eff81"
  integrity sha512-M1uQkMl8rQK/szD0LNhtqxIPLpimGm8sOBwU7lLnCpSbTyY3yeU1Vc7l4KT5zT4s/yOxHH5O7tIuuLOCnLADRw==

deepmerge@^4.3.1:
  version "4.3.1"
  resolved "https://registry.yarnpkg.com/deepmerge/-/deepmerge-4.3.1.tgz#44b5f2147cd3b00d4b56137685966f26fd25dd4a"
  integrity sha512-3sUqbMEc77XqpdNO7FRyRog+eW3ph+GYCbj+rK+uYyRMuwsVy0rMiVtPn+QJlKFvWP/1PYpapqYn0Me2knFn+A==

emojis-list@^3.0.0:
  version "3.0.0"
  resolved "https://registry.yarnpkg.com/emojis-list/-/emojis-list-3.0.0.tgz#5570662046ad29e2e916e71aae260abdff4f6a78"
  integrity sha512-/kyM18EfinwXZbno9FyUGeFh87KC8HRQBQGildHZbEuRyWFOmv1U10o9BBp8XVZDVNNuQKyIGIu5ZYAAXJ0V2Q==

error-stack-parser@^2.1.4:
  version "2.1.4"
  resolved "https://registry.yarnpkg.com/error-stack-parser/-/error-stack-parser-2.1.4.tgz#229cb01cdbfa84440bfa91876285b94680188286"
  integrity sha512-Sk5V6wVazPhq5MhpO+AUxJn5x7XSXGl1R93Vn7i+zS15KDVxQijejNCrz8340/2bgLBjR9GtEG8ZVKONDjcqGQ==
  dependencies:
    stackframe "^1.3.4"

has-flag@^4.0.0:
  version "4.0.0"
  resolved "https://registry.yarnpkg.com/has-flag/-/has-flag-4.0.0.tgz#944771fd9c81c81265c4d6941860da06bb59479b"
  integrity sha512-EykJT/Q1KjTWctppgIAgfSO0tKVuZUjhgMr17kqTumMl6Afv3EISleU7qZUzoXDFTAHTDC4NOoG/ZxU3EvlMPQ==

html-entities@^2.6.0:
  version "2.6.0"
  resolved "https://registry.yarnpkg.com/html-entities/-/html-entities-2.6.0.tgz#7c64f1ea3b36818ccae3d3fb48b6974208e984f8"
  integrity sha512-kig+rMn/QOVRvr7c86gQ8lWXq+Hkv6CbAH1hLu+RG338StTpE8Z0b44SDVaqVu7HGKf27frdmUYEs9hTUX/cLQ==

immutable@^5.0.2:
  version "5.1.3"
  resolved "https://registry.yarnpkg.com/immutable/-/immutable-5.1.3.tgz#e6486694c8b76c37c063cca92399fa64098634d4"
  integrity sha512-+chQdDfvscSF1SJqv2gn4SRO2ZyS3xL3r7IW/wWEEzrzLisnOlKiQu5ytC/BVNcS15C39WT2Hg/bjKjDMcu+zg==

jiti@^2.4.2:
  version "2.4.2"
  resolved "https://registry.yarnpkg.com/jiti/-/jiti-2.4.2.tgz#d19b7732ebb6116b06e2038da74a55366faef560"
  integrity sha512-rg9zJN+G4n2nfJl5MW3BMygZX56zKPNVEYYqq7adpmMh4Jn2QNEwhvQlFy6jPVdcod7txZtKHWnyZiA3a0zP7A==

json5@^2.1.2:
  version "2.2.3"
  resolved "https://registry.yarnpkg.com/json5/-/json5-2.2.3.tgz#78cd6f1a19bdc12b73db5ad0c61efd66c1e29283"
  integrity sha512-XmOWe7eyHYH14cLdVPoyg+GOH3rYX++KpzrylJwSW98t3Nk+U8XOl8FWKOgwtzdb8lXGf6zYwDUzeHMWfxasyg==

loader-utils@^2.0.4:
  version "2.0.4"
  resolved "https://registry.yarnpkg.com/loader-utils/-/loader-utils-2.0.4.tgz#8b5cb38b5c34a9a018ee1fc0e6a066d1dfcc528c"
  integrity sha512-xXqpXoINfFhgua9xiqD8fPFHgkoq1mmmpE92WlDbm9rNRd/EbRb+Gqf908T2DMfuHjjJlksiK2RbHVOdD/MqSw==
  dependencies:
    big.js "^5.2.2"
    emojis-list "^3.0.0"
    json5 "^2.1.2"

nanoid@^3.3.11:
  version "3.3.11"
  resolved "https://registry.yarnpkg.com/nanoid/-/nanoid-3.3.11.tgz#4f4f112cefbe303202f2199838128936266d185b"
  integrity sha512-N8SpfPUnUp1bK+PMYW8qSWdl9U+wwNWI4QKxOYDy9JAro3WMX7p2OeVRF9v+347pnakNevPmiHhNmZ2HbFA76w==

picocolors@^1.1.1:
  version "1.1.1"
  resolved "https://registry.yarnpkg.com/picocolors/-/picocolors-1.1.1.tgz#3d321af3eab939b083c8f929a1d12cda81c26b6b"
  integrity sha512-xceH2snhtb5M9liqDsmEw56le376mTZkEX/jEb/RxNFyegNul7eNslCXP9FDj/Lcu0X8KEyMceP2ntpaHrDEVA==

postcss@^8.5.6:
  version "8.5.6"
  resolved "https://registry.yarnpkg.com/postcss/-/postcss-8.5.6.tgz#2825006615a619b4f62a9e7426cc120b349a8f3c"
  integrity sha512-3Ybi1tAuwAP9s0r1UQ2J4n5Y0G05bJkpUIO0/bI9MhwmD70S5aTWbXGBwxHrelT+XM1k6dM0pk+SwNkpTRN7Pg==
  dependencies:
    nanoid "^3.3.11"
    picocolors "^1.1.1"
    source-map-js "^1.2.1"

react-dom@^19.1.0:
  version "19.1.0"
  resolved "https://registry.yarnpkg.com/react-dom/-/react-dom-19.1.0.tgz#133558deca37fa1d682708df8904b25186793623"
  integrity sha512-Xs1hdnE+DyKgeHJeJznQmYMIBG3TKIHJJT95Q58nHLSrElKlGQqDTR2HQ9fx5CN/Gk6Vh/kupBTDLU11/nDk/g==
  dependencies:
    scheduler "^0.26.0"

react-refresh@^0.17.0:
  version "0.17.0"
  resolved "https://registry.yarnpkg.com/react-refresh/-/react-refresh-0.17.0.tgz#b7e579c3657f23d04eccbe4ad2e58a8ed51e7e53"
  integrity sha512-z6F7K9bV85EfseRCp2bzrpyQ0Gkw1uLoCel9XBVWPg/TjRj94SkJzUTGfOa4bs7iJvBWtQG0Wq7wnI0syw3EBQ==

react@^19.1.0:
  version "19.1.0"
  resolved "https://registry.yarnpkg.com/react/-/react-19.1.0.tgz#926864b6c48da7627f004795d6cce50e90793b75"
  integrity sha512-FS+XFBNvn3GTAWq26joslQgWNoFu08F4kl0J4CgdNKADkdSGXQyTCnKteIAJy96Br6YbpEU1LSzV5dYtjMkMDg==

reduce-configs@^1.1.0:
  version "1.1.0"
  resolved "https://registry.yarnpkg.com/reduce-configs/-/reduce-configs-1.1.0.tgz#6601bc10bbe60ec0900763c67680d56e3e9d356e"
  integrity sha512-DQxy6liNadHfrLahZR7lMdc227NYVaQZhY5FMsxLEjX8X0SCuH+ESHSLCoz2yDZFq1/CLMDOAHdsEHwOEXKtvg==

rxjs@^7.4.0:
  version "7.8.2"
  resolved "https://registry.yarnpkg.com/rxjs/-/rxjs-7.8.2.tgz#955bc473ed8af11a002a2be52071bf475638607b"
  integrity sha512-dhKf903U/PQZY6boNNtAGdWbG85WAbjT/1xYoZIC7FAY0yWapOBQVsVrDl58W86//e1VpMNBtRV4MaXfdMySFA==
  dependencies:
    tslib "^2.1.0"

sass-embedded-android-arm64@1.89.2:
  version "1.89.2"
  resolved "https://registry.yarnpkg.com/sass-embedded-android-arm64/-/sass-embedded-android-arm64-1.89.2.tgz#97546fbeeae3c7461435309b6b7022db37f65ea2"
  integrity sha512-+pq7a7AUpItNyPu61sRlP6G2A8pSPpyazASb+8AK2pVlFayCSPAEgpwpCE9A2/Xj86xJZeMizzKUHxM2CBCUxA==

sass-embedded-android-arm@1.89.2:
  version "1.89.2"
  resolved "https://registry.yarnpkg.com/sass-embedded-android-arm/-/sass-embedded-android-arm-1.89.2.tgz#02be468f924f2f9d6e93816507d3f3f200ff3836"
  integrity sha512-oHAPTboBHRZlDBhyRB6dvDKh4KvFs+DZibDHXbkSI6dBZxMTT+Yb2ivocHnctVGucKTLQeT7+OM5DjWHyynL/A==

sass-embedded-android-riscv64@1.89.2:
  version "1.89.2"
  resolved "https://registry.yarnpkg.com/sass-embedded-android-riscv64/-/sass-embedded-android-riscv64-1.89.2.tgz#d15899446b035cabacb49d20689e05823a144bc8"
  integrity sha512-HfJJWp/S6XSYvlGAqNdakeEMPOdhBkj2s2lN6SHnON54rahKem+z9pUbCriUJfM65Z90lakdGuOfidY61R9TYg==

sass-embedded-android-x64@1.89.2:
  version "1.89.2"
  resolved "https://registry.yarnpkg.com/sass-embedded-android-x64/-/sass-embedded-android-x64-1.89.2.tgz#d76c99035a0f2835006dba6cc52f13fa41a3113a"
  integrity sha512-BGPzq53VH5z5HN8de6jfMqJjnRe1E6sfnCWFd4pK+CAiuM7iw5Fx6BQZu3ikfI1l2GY0y6pRXzsVLdp/j4EKEA==

sass-embedded-darwin-arm64@1.89.2:
  version "1.89.2"
  resolved "https://registry.yarnpkg.com/sass-embedded-darwin-arm64/-/sass-embedded-darwin-arm64-1.89.2.tgz#57150b77676d4d82e84b2198f5f6983418fff04e"
  integrity sha512-UCm3RL/tzMpG7DsubARsvGUNXC5pgfQvP+RRFJo9XPIi6elopY5B6H4m9dRYDpHA+scjVthdiDwkPYr9+S/KGw==

sass-embedded-darwin-x64@1.89.2:
  version "1.89.2"
  resolved "https://registry.yarnpkg.com/sass-embedded-darwin-x64/-/sass-embedded-darwin-x64-1.89.2.tgz#b0b1c5abb1d057daaa8f8a1e2b2497478865a22d"
  integrity sha512-D9WxtDY5VYtMApXRuhQK9VkPHB8R79NIIR6xxVlN2MIdEid/TZWi1MHNweieETXhWGrKhRKglwnHxxyKdJYMnA==

sass-embedded-linux-arm64@1.89.2:
  version "1.89.2"
  resolved "https://registry.yarnpkg.com/sass-embedded-linux-arm64/-/sass-embedded-linux-arm64-1.89.2.tgz#f4d964d9773acd5e065513837d0412753e4a02a1"
  integrity sha512-2N4WW5LLsbtrWUJ7iTpjvhajGIbmDR18ZzYRywHdMLpfdPApuHPMDF5CYzHbS+LLx2UAx7CFKBnj5LLjY6eFgQ==

sass-embedded-linux-arm@1.89.2:
  version "1.89.2"
  resolved "https://registry.yarnpkg.com/sass-embedded-linux-arm/-/sass-embedded-linux-arm-1.89.2.tgz#e9cd53cb299e6e8cada56acc801b8477f9876fb0"
  integrity sha512-leP0t5U4r95dc90o8TCWfxNXwMAsQhpWxTkdtySDpngoqtTy3miMd7EYNYd1znI0FN1CBaUvbdCMbnbPwygDlA==

sass-embedded-linux-musl-arm64@1.89.2:
  version "1.89.2"
  resolved "https://registry.yarnpkg.com/sass-embedded-linux-musl-arm64/-/sass-embedded-linux-musl-arm64-1.89.2.tgz#e501d00d9cf050fcbb261b53255af85fa7c39c73"
  integrity sha512-nTyuaBX6U1A/cG7WJh0pKD1gY8hbg1m2SnzsyoFG+exQ0lBX/lwTLHq3nyhF+0atv7YYhYKbmfz+sjPP8CZ9lw==

sass-embedded-linux-musl-arm@1.89.2:
  version "1.89.2"
  resolved "https://registry.yarnpkg.com/sass-embedded-linux-musl-arm/-/sass-embedded-linux-musl-arm-1.89.2.tgz#1b073158532b72597522ebffef0658374c9c04ba"
  integrity sha512-Z6gG2FiVEEdxYHRi2sS5VIYBmp17351bWtOCUZ/thBM66+e70yiN6Eyqjz80DjL8haRUegNQgy9ZJqsLAAmr9g==

sass-embedded-linux-musl-riscv64@1.89.2:
  version "1.89.2"
  resolved "https://registry.yarnpkg.com/sass-embedded-linux-musl-riscv64/-/sass-embedded-linux-musl-riscv64-1.89.2.tgz#06542e8946885d09f2cea939092d145aeeee6d39"
  integrity sha512-N6oul+qALO0SwGY8JW7H/Vs0oZIMrRMBM4GqX3AjM/6y8JsJRxkAwnfd0fDyK+aICMFarDqQonQNIx99gdTZqw==

sass-embedded-linux-musl-x64@1.89.2:
  version "1.89.2"
  resolved "https://registry.yarnpkg.com/sass-embedded-linux-musl-x64/-/sass-embedded-linux-musl-x64-1.89.2.tgz#2fd441597a95f57d70d0c46e0e8c18ab4f52c596"
  integrity sha512-K+FmWcdj/uyP8GiG9foxOCPfb5OAZG0uSVq80DKgVSC0U44AdGjvAvVZkrgFEcZ6cCqlNC2JfYmslB5iqdL7tg==

sass-embedded-linux-riscv64@1.89.2:
  version "1.89.2"
  resolved "https://registry.yarnpkg.com/sass-embedded-linux-riscv64/-/sass-embedded-linux-riscv64-1.89.2.tgz#eeea2fbcbd5b575391a5b702092c0e8cc03f661c"
  integrity sha512-g9nTbnD/3yhOaskeqeBQETbtfDQWRgsjHok6bn7DdAuwBsyrR3JlSFyqKc46pn9Xxd9SQQZU8AzM4IR+sY0A0w==

sass-embedded-linux-x64@1.89.2:
  version "1.89.2"
  resolved "https://registry.yarnpkg.com/sass-embedded-linux-x64/-/sass-embedded-linux-x64-1.89.2.tgz#9a58127a312e7c011e3a20470ff5707b9aa78536"
  integrity sha512-Ax7dKvzncyQzIl4r7012KCMBvJzOz4uwSNoyoM5IV6y5I1f5hEwI25+U4WfuTqdkv42taCMgpjZbh9ERr6JVMQ==

sass-embedded-win32-arm64@1.89.2:
  version "1.89.2"
  resolved "https://registry.yarnpkg.com/sass-embedded-win32-arm64/-/sass-embedded-win32-arm64-1.89.2.tgz#7e9ddcb5abe3a8eca370909686da37da60f97c85"
  integrity sha512-j96iJni50ZUsfD6tRxDQE2QSYQ2WrfHxeiyAXf41Kw0V4w5KYR/Sf6rCZQLMTUOHnD16qTMVpQi20LQSqf4WGg==

sass-embedded-win32-x64@1.89.2:
  version "1.89.2"
  resolved "https://registry.yarnpkg.com/sass-embedded-win32-x64/-/sass-embedded-win32-x64-1.89.2.tgz#9f5c71b611a8edbc40e1c8cc47bd20d8a4bdf13a"
  integrity sha512-cS2j5ljdkQsb4PaORiClaVYynE9OAPZG/XjbOMxpQmjRIf7UroY4PEIH+Waf+y47PfXFX9SyxhYuw2NIKGbEng==

sass-embedded@^1.89.2:
  version "1.89.2"
  resolved "https://registry.yarnpkg.com/sass-embedded/-/sass-embedded-1.89.2.tgz#bf6cd7d6ace06f0430bbf3913c95a8be83367883"
  integrity sha512-Ack2K8rc57kCFcYlf3HXpZEJFNUX8xd8DILldksREmYXQkRHI879yy8q4mRDJgrojkySMZqmmmW1NxrFxMsYaA==
  dependencies:
    "@bufbuild/protobuf" "^2.5.0"
    buffer-builder "^0.2.0"
    colorjs.io "^0.5.0"
    immutable "^5.0.2"
    rxjs "^7.4.0"
    supports-color "^8.1.1"
    sync-child-process "^1.0.2"
    varint "^6.0.0"
  optionalDependencies:
    sass-embedded-android-arm "1.89.2"
    sass-embedded-android-arm64 "1.89.2"
    sass-embedded-android-riscv64 "1.89.2"
    sass-embedded-android-x64 "1.89.2"
    sass-embedded-darwin-arm64 "1.89.2"
    sass-embedded-darwin-x64 "1.89.2"
    sass-embedded-linux-arm "1.89.2"
    sass-embedded-linux-arm64 "1.89.2"
    sass-embedded-linux-musl-arm "1.89.2"
    sass-embedded-linux-musl-arm64 "1.89.2"
    sass-embedded-linux-musl-riscv64 "1.89.2"
    sass-embedded-linux-musl-x64 "1.89.2"
    sass-embedded-linux-riscv64 "1.89.2"
    sass-embedded-linux-x64 "1.89.2"
    sass-embedded-win32-arm64 "1.89.2"
    sass-embedded-win32-x64 "1.89.2"

scheduler@^0.26.0:
  version "0.26.0"
  resolved "https://registry.yarnpkg.com/scheduler/-/scheduler-0.26.0.tgz#4ce8a8c2a2095f13ea11bf9a445be50c555d6337"
  integrity sha512-NlHwttCI/l5gCPR3D1nNXtWABUmBwvZpEQiD4IXSbIDq8BzLIK/7Ir5gTFSGZDUu37K5cMNp0hFtzO38sC7gWA==

source-map-js@^1.2.1:
  version "1.2.1"
  resolved "https://registry.yarnpkg.com/source-map-js/-/source-map-js-1.2.1.tgz#1ce5650fddd87abc099eda37dcff024c2667ae46"
  integrity sha512-UXWMKhLOwVKb728IUtQPXxfYU+usdybtUrK/8uGE8CQMvrhOpwvzDBwj0QhSL7MQc7vIsISBG8VQ8+IDQxpfQA==

stackframe@^1.3.4:
  version "1.3.4"
  resolved "https://registry.yarnpkg.com/stackframe/-/stackframe-1.3.4.tgz#b881a004c8c149a5e8efef37d51b16e412943310"
  integrity sha512-oeVtt7eWQS+Na6F//S4kJ2K2VbRlS9D43mAlMyVpVWovy9o+jfgH8O9agzANzaiLjclA0oYzUXEM4PurhSUChw==

supports-color@^8.1.1:
  version "8.1.1"
  resolved "https://registry.yarnpkg.com/supports-color/-/supports-color-8.1.1.tgz#cd6fc17e28500cff56c1b86c0a7fd4a54a73005c"
  integrity sha512-MpUEN2OodtUzxvKQl72cUF7RQ5EiHsGvSsVG0ia9c5RbWGL2CI4C7EpPS8UTBIplnlzZiNuV56w+FuNxy3ty2Q==
  dependencies:
    has-flag "^4.0.0"

sync-child-process@^1.0.2:
  version "1.0.2"
  resolved "https://registry.yarnpkg.com/sync-child-process/-/sync-child-process-1.0.2.tgz#45e7c72e756d1243e80b547ea2e17957ab9e367f"
  integrity sha512-8lD+t2KrrScJ/7KXCSyfhT3/hRq78rC0wBFqNJXv3mZyn6hW2ypM05JmlSvtqRbeq6jqA94oHbxAr2vYsJ8vDA==
  dependencies:
    sync-message-port "^1.0.0"

sync-message-port@^1.0.0:
  version "1.1.3"
  resolved "https://registry.yarnpkg.com/sync-message-port/-/sync-message-port-1.1.3.tgz#6055c565ee8c81d2f9ee5aae7db757e6d9088c0c"
  integrity sha512-GTt8rSKje5FilG+wEdfCkOcLL7LWqpMlr2c3LRuKt/YXxcJ52aGSbGBAdI4L3aaqfrBt6y711El53ItyH1NWzg==

tslib@^2.1.0, tslib@^2.4.0, tslib@^2.8.0:
  version "2.8.1"
  resolved "https://registry.yarnpkg.com/tslib/-/tslib-2.8.1.tgz#612efe4ed235d567e8aba5f2a5fab70280ade83f"
  integrity sha512-oJFu94HQb+KVduSUQL7wnpmqnfmLsOA/nAh6b6EH0wCEoK0/mPeXU6c3wKDV83MkOuHPRHtSXKKU99IBazS/2w==

typescript@^5.8.3:
  version "5.8.3"
  resolved "https://registry.yarnpkg.com/typescript/-/typescript-5.8.3.tgz#92f8a3e5e3cf497356f4178c34cd65a7f5e8440e"
  integrity sha512-p1diW6TqL9L07nNxvRMM7hMMw4c5XOo/1ibL4aAIGmSAt9slTE1Xgw5KWuof2uTOvCg9BY7ZRi+GaF+7sfgPeQ==

varint@^6.0.0:
  version "6.0.0"
  resolved "https://registry.yarnpkg.com/varint/-/varint-6.0.0.tgz#9881eb0ce8feaea6512439d19ddf84bf551661d0"
  integrity sha512-cXEIW6cfr15lFv563k4GuVuW/fiwjknytD37jIOLSdSWuOI6WnO/oKwmP2FQTU2l01LP8/M5TSAJpzUaGe3uWg==
